
Microsoft Visual Studio Solution File, Format Version 12.00
# Visual Studio 14
VisualStudioVersion = 14.0.25123.0
MinimumVisualStudioVersion = 10.0.40219.1
Project("{FAE04EC0-301F-11D3-BF4B-00C04F79EFBC}") = "Fakturka", "Fakturka\Fakturka.csproj", "{0347924F-2CF6-4852-9DFD-8533D1AB458E}"
EndProject
Project("{D954291E-2A0B-460D-934E-DC6B0785DB48}") = "Data", "Data\Data.shproj", "{2D4B05EC-6B09-4BC2-B3D0-0A3F65236B58}"
EndProject
Global
	GlobalSection(SharedMSBuildProjectFiles) = preSolution
		Data\Data.projitems*{0347924f-2cf6-4852-9dfd-8533d1ab458e}*SharedItemsImports = 4
		Data\Data.projitems*{2d4b05ec-6b09-4bc2-b3d0-0a3f65236b58}*SharedItemsImports = 13
	EndGlobalSection
	GlobalSection(SolutionConfigurationPlatforms) = preSolution
		Debug|Any CPU = Debug|Any CPU
		Debug|ARM = Debug|ARM
		Debug|x64 = Debug|x64
		Debug|x86 = Debug|x86
		Release|Any CPU = Release|Any CPU
		Release|ARM = Release|ARM
		Release|x64 = Release|x64
		Release|x86 = Release|x86
	EndGlobalSection
	GlobalSection(ProjectConfigurationPlatforms) = postSolution
		{0347924F-2CF6-4852-9DFD-8533D1AB458E}.Debug|Any CPU.ActiveCfg = Debug|x86
		{0347924F-2CF6-4852-9DFD-8533D1AB458E}.Debug|ARM.ActiveCfg = Debug|ARM
		{0347924F-2CF6-4852-9DFD-8533D1AB458E}.Debug|ARM.Build.0 = Debug|ARM
		{0347924F-2CF6-4852-9DFD-8533D1AB458E}.Debug|ARM.Deploy.0 = Debug|ARM
		{0347924F-2CF6-4852-9DFD-8533D1AB458E}.Debug|x64.ActiveCfg = Debug|x64
		{0347924F-2CF6-4852-9DFD-8533D1AB458E}.Debug|x64.Build.0 = Debug|x64
		{0347924F-2CF6-4852-9DFD-8533D1AB458E}.Debug|x64.Deploy.0 = Debug|x64
		{0347924F-2CF6-4852-9DFD-8533D1AB458E}.Debug|x86.ActiveCfg = Debug|x86
		{0347924F-2CF6-4852-9DFD-8533D1AB458E}.Debug|x86.Build.0 = Debug|x86
		{0347924F-2CF6-4852-9DFD-8533D1AB458E}.Debug|x86.Deploy.0 = Debug|x86
		{0347924F-2CF6-4852-9DFD-8533D1AB458E}.Release|Any CPU.ActiveCfg = Release|x86
		{0347924F-2CF6-4852-9DFD-8533D1AB458E}.Release|ARM.ActiveCfg = Release|ARM
		{0347924F-2CF6-4852-9DFD-8533D1AB458E}.Release|ARM.Build.0 = Release|ARM
		{0347924F-2CF6-4852-9DFD-8533D1AB458E}.Release|ARM.Deploy.0 = Release|ARM
		{0347924F-2CF6-4852-9DFD-8533D1AB458E}.Release|x64.ActiveCfg = Release|x64
		{0347924F-2CF6-4852-9DFD-8533D1AB458E}.Release|x64.Build.0 = Release|x64
		{0347924F-2CF6-4852-9DFD-8533D1AB458E}.Release|x64.Deploy.0 = Release|x64
		{0347924F-2CF6-4852-9DFD-8533D1AB458E}.Release|x86.ActiveCfg = Release|x86
		{0347924F-2CF6-4852-9DFD-8533D1AB458E}.Release|x86.Build.0 = Release|x86
		{0347924F-2CF6-4852-9DFD-8533D1AB458E}.Release|x86.Deploy.0 = Release|x86
	EndGlobalSection
	GlobalSection(SolutionProperties) = preSolution
		HideSolutionNode = FALSE
	EndGlobalSection
EndGlobal
